
Microsoft Visual Studio Solution File, Format Version 12.00
# Visual Studio Version 16
VisualStudioVersion = 16.0.29613.14
MinimumVisualStudioVersion = 10.0.40219.1
Project("{FAE04EC0-301F-11D3-BF4B-00C04F79EFBC}") = "COMP212_Exc02_Predicate_Delegate", "COMP212_Exc02_Predicate_Delegate\COMP212_Exc02_Predicate_Delegate.csproj", "{01C849C0-E81A-49D7-B7DE-400AB454CEF5}"
EndProject
Global
	GlobalSection(SolutionConfigurationPlatforms) = preSolution
		Debug|Any CPU = Debug|Any CPU
		Release|Any CPU = Release|Any CPU
	EndGlobalSection
	GlobalSection(ProjectConfigurationPlatforms) = postSolution
		{01C849C0-E81A-49D7-B7DE-400AB454CEF5}.Debug|Any CPU.ActiveCfg = Debug|Any CPU
		{01C849C0-E81A-49D7-B7DE-400AB454CEF5}.Debug|Any CPU.Build.0 = Debug|Any CPU
		{01C849C0-E81A-49D7-B7DE-400AB454CEF5}.Release|Any CPU.ActiveCfg = Release|Any CPU
		{01C849C0-E81A-49D7-B7DE-400AB454CEF5}.Release|Any CPU.Build.0 = Release|Any CPU
	EndGlobalSection
	GlobalSection(SolutionProperties) = preSolution
		HideSolutionNode = FALSE
	EndGlobalSection
	GlobalSection(ExtensibilityGlobals) = postSolution
		SolutionGuid = {A258A0DD-AAEB-46AE-A55C-D2E36039F5D2}
	EndGlobalSection
EndGlobal
